Microsoft Visual Studio Solution File, Format Version 12.00
# Visual Studio Version 17
VisualStudioVersion = 17.5.2.0
MinimumVisualStudioVersion = 10.0.40219.1
Project("{FAE04EC0-301F-11D3-BF4B-00C04F79EFBC}") = "JCGamesAPI", "JCGamesAPI\JCGamesAPI.csproj", "{BAD4B25C-14AF-5D67-6912-CC72D02A53EE}"
EndProject
Global
	GlobalSection(SolutionConfigurationPlatforms) = preSolution
		Debug|Any CPU = Debug|Any CPU
		Release|Any CPU = Release|Any CPU
	EndGlobalSection
	GlobalSection(ProjectConfigurationPlatforms) = postSolution
		{BAD4B25C-14AF-5D67-6912-CC72D02A53EE}.Debug|Any CPU.ActiveCfg = Debug|Any CPU
		{BAD4B25C-14AF-5D67-6912-CC72D02A53EE}.Debug|Any CPU.Build.0 = Debug|Any CPU
		{BAD4B25C-14AF-5D67-6912-CC72D02A53EE}.Release|Any CPU.ActiveCfg = Release|Any CPU
		{BAD4B25C-14AF-5D67-6912-CC72D02A53EE}.Release|Any CPU.Build.0 = Release|Any CPU
	EndGlobalSection
	GlobalSection(SolutionProperties) = preSolution
		HideSolutionNode = FALSE
	EndGlobalSection
	GlobalSection(ExtensibilityGlobals) = postSolution
		SolutionGuid = {C55CFB28-3E96-4F7F-B933-91F7C8301225}
	EndGlobalSection
EndGlobal
